// !$*UTF8*$!
{
	archiveVersion = 1;
	classes = {
	};
	objectVersion = 56;
	objects = {

/* Begin PBXBuildFile section */
		C0DE00000000000000002001 /* SimpleImageViewerApp.swift in Sources */ = {isa = PBXBuildFile; fileRef = C0DE00000000000000001001 /* SimpleImageViewerApp.swift */; };
		C0DE00000000000000002002 /* ContentView.swift in Sources */ = {isa = PBXBuildFile; fileRef = C0DE00000000000000001002 /* ContentView.swift */; };
		C0DE00000000000000002003 /* ImageSession.swift in Sources */ = {isa = PBXBuildFile; fileRef = C0DE00000000000000001003 /* ImageSession.swift */; };
		C0DE00000000000000002004 /* ImageLoader.swift in Sources */ = {isa = PBXBuildFile; fileRef = C0DE00000000000000001004 /* ImageLoader.swift */; };
		C0DE00000000000000002005 /* FolderAccess.swift in Sources */ = {isa = PBXBuildFile; fileRef = C0DE00000000000000001005 /* FolderAccess.swift */; };
		C0DE00000000000000002006 /* ZoomableImageView.swift in Sources */ = {isa = PBXBuildFile; fileRef = C0DE00000000000000001006 /* ZoomableImageView.swift */; };
		C0DE0000000000000000200A /* Localization.swift in Sources */ = {isa = PBXBuildFile; fileRef = C0DE0000000000000000100A /* Localization.swift */; };
		C0DE0000000000000000200B /* AppVersion.swift in Sources */ = {isa = PBXBuildFile; fileRef = C0DE0000000000000000100B /* AppVersion.swift */; };
		C0DE0000000000000000200C /* LaunchPrompts.swift in Sources */ = {isa = PBXBuildFile; fileRef = C0DE0000000000000000100C /* LaunchPrompts.swift */; };
		C0DE0000000000000000200D /* DownloadMirror.swift in Sources */ = {isa = PBXBuildFile; fileRef = C0DE0000000000000000100D /* DownloadMirror.swift */; };
		C0DE0000000000000000200E /* InPlaceUpdater.swift in Sources */ = {isa = PBXBuildFile; fileRef = C0DE0000000000000000100E /* InPlaceUpdater.swift */; };
		C0DE00000000000000002007 /* Assets.xcassets in Resources */ = {isa = PBXBuildFile; fileRef = C0DE00000000000000001009 /* Assets.xcassets */; };
/* End PBXBuildFile section */

/* Begin PBXFileReference section */
		C0DE00000000000000000003 /* SimpleImageViewer.app */ = {isa = PBXFileReference; explicitFileType = wrapper.application; includeInIndex = 0; path = Flip.app; sourceTree = BUILT_PRODUCTS_DIR; };
		C0DE00000000000000001001 /* SimpleImageViewerApp.swift */ = {isa = PBXFileReference; lastKnownFileType = sourcecode.swift; path = SimpleImageViewerApp.swift; sourceTree = "<group>"; };
		C0DE00000000000000001002 /* ContentView.swift */ = {isa = PBXFileReference; lastKnownFileType = sourcecode.swift; path = ContentView.swift; sourceTree = "<group>"; };
		C0DE00000000000000001003 /* ImageSession.swift */ = {isa = PBXFileReference; lastKnownFileType = sourcecode.swift; path = ImageSession.swift; sourceTree = "<group>"; };
		C0DE00000000000000001004 /* ImageLoader.swift */ = {isa = PBXFileReference; lastKnownFileType = sourcecode.swift; path = ImageLoader.swift; sourceTree = "<group>"; };
		C0DE00000000000000001005 /* FolderAccess.swift */ = {isa = PBXFileReference; lastKnownFileType = sourcecode.swift; path = FolderAccess.swift; sourceTree = "<group>"; };
		C0DE00000000000000001006 /* ZoomableImageView.swift */ = {isa = PBXFileReference; lastKnownFileType = sourcecode.swift; path = ZoomableImageView.swift; sourceTree = "<group>"; };
		C0DE0000000000000000100A /* Localization.swift */ = {isa = PBXFileReference; lastKnownFileType = sourcecode.swift; path = Localization.swift; sourceTree = "<group>"; };
		C0DE0000000000000000100B /* AppVersion.swift */ = {isa = PBXFileReference; lastKnownFileType = sourcecode.swift; path = AppVersion.swift; sourceTree = "<group>"; };
		C0DE0000000000000000100C /* LaunchPrompts.swift */ = {isa = PBXFileReference; lastKnownFileType = sourcecode.swift; path = LaunchPrompts.swift; sourceTree = "<group>"; };
		C0DE0000000000000000100D /* DownloadMirror.swift */ = {isa = PBXFileReference; lastKnownFileType = sourcecode.swift; path = DownloadMirror.swift; sourceTree = "<group>"; };
		C0DE0000000000000000100E /* InPlaceUpdater.swift */ = {isa = PBXFileReference; lastKnownFileType = sourcecode.swift; path = InPlaceUpdater.swift; sourceTree = "<group>"; };
		C0DE0000000000000000100F /* SimpleImageViewer-Release.entitlements */ = {isa = PBXFileReference; lastKnownFileType = text.plist.entitlements; path = "SimpleImageViewer-Release.entitlements"; sourceTree = "<group>"; };
		C0DE00000000000000001007 /* Info.plist */ = {isa = PBXFileReference; lastKnownFileType = text.plist.xml; path = Info.plist; sourceTree = "<group>"; };
		C0DE00000000000000001008 /* SimpleImageViewer.entitlements */ = {isa = PBXFileReference; lastKnownFileType = text.plist.entitlements; path = SimpleImageViewer.entitlements; sourceTree = "<group>"; };
		C0DE00000000000000001009 /* Assets.xcassets */ = {isa = PBXFileReference; lastKnownFileType = folder.assetcatalog; path = Assets.xcassets; sourceTree = "<group>"; };
/* End PBXFileReference section */

/* Begin PBXFrameworksBuildPhase section */
		C0DE00000000000000000006 /* Frameworks */ = {
			isa = PBXFrameworksBuildPhase;
			buildActionMask = 2147483647;
			files = (
			);
			runOnlyForDeploymentPostprocessing = 0;
		};
/* End PBXFrameworksBuildPhase section */

/* Begin PBXGroup section */
		C0DE00000000000000000007 /* Main Group */ = {
			isa = PBXGroup;
			children = (
				C0DE00000000000000000009 /* SimpleImageViewer */,
				C0DE00000000000000000008 /* Products */,
			);
			sourceTree = "<group>";
		};
		C0DE00000000000000000008 /* Products */ = {
			isa = PBXGroup;
			children = (
				C0DE00000000000000000003 /* SimpleImageViewer.app */,
			);
			name = Products;
			sourceTree = "<group>";
		};
		C0DE00000000000000000009 /* SimpleImageViewer */ = {
			isa = PBXGroup;
			children = (
				C0DE00000000000000001001 /* SimpleImageViewerApp.swift */,
				C0DE00000000000000001002 /* ContentView.swift */,
				C0DE00000000000000001003 /* ImageSession.swift */,
				C0DE00000000000000001004 /* ImageLoader.swift */,
				C0DE00000000000000001005 /* FolderAccess.swift */,
				C0DE00000000000000001006 /* ZoomableImageView.swift */,
				C0DE0000000000000000100A /* Localization.swift */,
				C0DE0000000000000000100B /* AppVersion.swift */,
				C0DE0000000000000000100C /* LaunchPrompts.swift */,
				C0DE0000000000000000100D /* DownloadMirror.swift */,
				C0DE0000000000000000100E /* InPlaceUpdater.swift */,
				C0DE0000000000000000100F /* SimpleImageViewer-Release.entitlements */,
				C0DE00000000000000001009 /* Assets.xcassets */,
				C0DE00000000000000001007 /* Info.plist */,
				C0DE00000000000000001008 /* SimpleImageViewer.entitlements */,
			);
			path = SimpleImageViewer;
			sourceTree = "<group>";
		};
/* End PBXGroup section */

/* Begin PBXNativeTarget section */
		C0DE00000000000000000002 /* SimpleImageViewer */ = {
			isa = PBXNativeTarget;
			buildConfigurationList = C0DE00000000000000000A02 /* Build configuration list for PBXNativeTarget "SimpleImageViewer" */;
			buildPhases = (
				C0DE00000000000000000004 /* Sources */,
				C0DE00000000000000000006 /* Frameworks */,
				C0DE00000000000000000005 /* Resources */,
			);
			buildRules = (
			);
			dependencies = (
			);
			name = SimpleImageViewer;
			productName = Flip;
			productReference = C0DE00000000000000000003 /* SimpleImageViewer.app */;
			productType = "com.apple.product-type.application";
		};
/* End PBXNativeTarget section */

/* Begin PBXProject section */
		C0DE00000000000000000001 /* Project object */ = {
			isa = PBXProject;
			attributes = {
				BuildIndependentTargetsInParallel = 1;
				LastSwiftUpdateCheck = 1500;
				LastUpgradeCheck = 1500;
				TargetAttributes = {
					C0DE00000000000000000002 = {
						CreatedOnToolsVersion = 15.0;
					};
				};
			};
			buildConfigurationList = C0DE00000000000000000A01 /* Build configuration list for PBXProject "SimpleImageViewer" */;
			compatibilityVersion = "Xcode 14.0";
			developmentRegion = en;
			hasScannedForEncodings = 0;
			knownRegions = (
				en,
				Base,
			);
			mainGroup = C0DE00000000000000000007 /* Main Group */;
			productRefGroup = C0DE00000000000000000008 /* Products */;
			projectDirPath = "";
			projectRoot = "";
			targets = (
				C0DE00000000000000000002 /* SimpleImageViewer */,
			);
		};
/* End PBXProject section */

/* Begin PBXResourcesBuildPhase section */
		C0DE00000000000000000005 /* Resources */ = {
			isa = PBXResourcesBuildPhase;
			buildActionMask = 2147483647;
			files = (
				C0DE00000000000000002007 /* Assets.xcassets in Resources */,
			);
			runOnlyForDeploymentPostprocessing = 0;
		};
/* End PBXResourcesBuildPhase section */

/* Begin PBXSourcesBuildPhase section */
		C0DE00000000000000000004 /* Sources */ = {
			isa = PBXSourcesBuildPhase;
			buildActionMask = 2147483647;
			files = (
				C0DE00000000000000002001 /* SimpleImageViewerApp.swift in Sources */,
				C0DE00000000000000002002 /* ContentView.swift in Sources */,
				C0DE00000000000000002003 /* ImageSession.swift in Sources */,
				C0DE00000000000000002004 /* ImageLoader.swift in Sources */,
				C0DE00000000000000002005 /* FolderAccess.swift in Sources */,
				C0DE00000000000000002006 /* ZoomableImageView.swift in Sources */,
				C0DE0000000000000000200A /* Localization.swift in Sources */,
				C0DE0000000000000000200B /* AppVersion.swift in Sources */,
				C0DE0000000000000000200C /* LaunchPrompts.swift in Sources */,
				C0DE0000000000000000200D /* DownloadMirror.swift in Sources */,
				C0DE0000000000000000200E /* InPlaceUpdater.swift in Sources */,
			);
			runOnlyForDeploymentPostprocessing = 0;
		};
/* End PBXSourcesBuildPhase section */

/* Begin XCBuildConfiguration section */
		C0DE00000000000000000B01 /* Debug */ = {
			isa = XCBuildConfiguration;
			buildSettings = {
				ALWAYS_SEARCH_USER_PATHS = NO;
				ASSETCATALOG_COMPILER_GENERATE_SWIFT_ASSET_SYMBOL_EXTENSIONS = YES;
				CLANG_ANALYZER_NONNULL = YES;
				CLANG_ANALYZER_NUMBER_OBJECT_CONVERSION = YES_AGGRESSIVE;
				CLANG_CXX_LANGUAGE_STANDARD = "gnu++20";
				CLANG_ENABLE_MODULES = YES;
				CLANG_ENABLE_OBJC_ARC = YES;
				CLANG_ENABLE_OBJC_WEAK = YES;
				CLANG_WARN_BLOCK_CAPTURE_AUTORELEASING = YES;
				CLANG_WARN_BOOL_CONVERSION = YES;
				CLANG_WARN_COMMA = YES;
				CLANG_WARN_CONSTANT_CONVERSION = YES;
				CLANG_WARN_DEPRECATED_OBJC_IMPLEMENTATIONS = YES;
				CLANG_WARN_DIRECT_OBJC_ISA_USAGE = YES_ERROR;
				CLANG_WARN_DOCUMENTATION_COMMENTS = YES;
				CLANG_WARN_EMPTY_BODY = YES;
				CLANG_WARN_ENUM_CONVERSION = YES;
				CLANG_WARN_INFINITE_RECURSION = YES;
				CLANG_WARN_INT_CONVERSION = YES;
				CLANG_WARN_NON_LITERAL_NULL_CONVERSION = YES;
				CLANG_WARN_OBJC_IMPLICIT_RETAIN_SELF = YES;
				CLANG_WARN_OBJC_LITERAL_CONVERSION = YES;
				CLANG_WARN_OBJC_ROOT_CLASS = YES_ERROR;
				CLANG_WARN_QUOTED_INCLUDE_IN_FRAMEWORK_HEADER = YES;
				CLANG_WARN_RANGE_LOOP_ANALYSIS = YES;
				CLANG_WARN_STRICT_PROTOTYPES = YES;
				CLANG_WARN_SUSPICIOUS_MOVE = YES;
				CLANG_WARN_UNGUARDED_AVAILABILITY = YES_AGGRESSIVE;
				CLANG_WARN_UNREACHABLE_CODE = YES;
				CLANG_WARN__DUPLICATE_METHOD_MATCH = YES;
				COPY_PHASE_STRIP = NO;
				DEAD_CODE_STRIPPING = YES;
				DEBUG_INFORMATION_FORMAT = dwarf;
				ENABLE_STRICT_OBJC_MSGSEND = YES;
				ENABLE_TESTABILITY = YES;
				ENABLE_USER_SCRIPT_SANDBOXING = YES;
				GCC_C_LANGUAGE_STANDARD = gnu17;
				GCC_DYNAMIC_NO_PIC = NO;
				GCC_NO_COMMON_BLOCKS = YES;
				GCC_OPTIMIZATION_LEVEL = 0;
				GCC_PREPROCESSOR_DEFINITIONS = (
					"DEBUG=1",
					"$(inherited)",
				);
				GCC_WARN_64_TO_32_BIT_CONVERSION = YES;
				GCC_WARN_ABOUT_RETURN_TYPE = YES_ERROR;
				GCC_WARN_UNDECLARED_SELECTOR = YES;
				GCC_WARN_UNINITIALIZED_AUTOS = YES_AGGRESSIVE;
				GCC_WARN_UNUSED_FUNCTION = YES;
				GCC_WARN_UNUSED_VARIABLE = YES;
				LOCALIZATION_PREFERS_STRING_CATALOGS = YES;
				MACOSX_DEPLOYMENT_TARGET = 14.0;
				MTL_ENABLE_DEBUG_INFO = INCLUDE_SOURCE;
				MTL_FAST_MATH = YES;
				ONLY_ACTIVE_ARCH = YES;
				SDKROOT = macosx;
				SWIFT_ACTIVE_COMPILATION_CONDITIONS = DEBUG;
				SWIFT_OPTIMIZATION_LEVEL = "-Onone";
			};
			name = Debug;
		};
		C0DE00000000000000000B02 /* Release */ = {
			isa = XCBuildConfiguration;
			buildSettings = {
				ALWAYS_SEARCH_USER_PATHS = NO;
				ASSETCATALOG_COMPILER_GENERATE_SWIFT_ASSET_SYMBOL_EXTENSIONS = YES;
				CLANG_ANALYZER_NONNULL = YES;
				CLANG_ANALYZER_NUMBER_OBJECT_CONVERSION = YES_AGGRESSIVE;
				CLANG_CXX_LANGUAGE_STANDARD = "gnu++20";
				CLANG_ENABLE_MODULES = YES;
				CLANG_ENABLE_OBJC_ARC = YES;
				CLANG_ENABLE_OBJC_WEAK = YES;
				CLANG_WARN_BLOCK_CAPTURE_AUTORELEASING = YES;
				CLANG_WARN_BOOL_CONVERSION = YES;
				CLANG_WARN_COMMA = YES;
				CLANG_WARN_CONSTANT_CONVERSION = YES;
				CLANG_WARN_DEPRECATED_OBJC_IMPLEMENTATIONS = YES;
				CLANG_WARN_DIRECT_OBJC_ISA_USAGE = YES_ERROR;
				CLANG_WARN_DOCUMENTATION_COMMENTS = YES;
				CLANG_WARN_EMPTY_BODY = YES;
				CLANG_WARN_ENUM_CONVERSION = YES;
				CLANG_WARN_INFINITE_RECURSION = YES;
				CLANG_WARN_INT_CONVERSION = YES;
				CLANG_WARN_NON_LITERAL_NULL_CONVERSION = YES;
				CLANG_WARN_OBJC_IMPLICIT_RETAIN_SELF = YES;
				CLANG_WARN_OBJC_LITERAL_CONVERSION = YES;
				CLANG_WARN_OBJC_ROOT_CLASS = YES_ERROR;
				CLANG_WARN_QUOTED_INCLUDE_IN_FRAMEWORK_HEADER = YES;
				CLANG_WARN_RANGE_LOOP_ANALYSIS = YES;
				CLANG_WARN_STRICT_PROTOTYPES = YES;
				CLANG_WARN_SUSPICIOUS_MOVE = YES;
				CLANG_WARN_UNGUARDED_AVAILABILITY = YES_AGGRESSIVE;
				CLANG_WARN_UNREACHABLE_CODE = YES;
				CLANG_WARN__DUPLICATE_METHOD_MATCH = YES;
				COPY_PHASE_STRIP = NO;
				DEAD_CODE_STRIPPING = YES;
				DEBUG_INFORMATION_FORMAT = "dwarf-with-dsym";
				ENABLE_NS_ASSERTIONS = NO;
				ENABLE_STRICT_OBJC_MSGSEND = YES;
				ENABLE_USER_SCRIPT_SANDBOXING = YES;
				GCC_C_LANGUAGE_STANDARD = gnu17;
				GCC_NO_COMMON_BLOCKS = YES;
				GCC_WARN_64_TO_32_BIT_CONVERSION = YES;
				GCC_WARN_ABOUT_RETURN_TYPE = YES_ERROR;
				GCC_WARN_UNDECLARED_SELECTOR = YES;
				GCC_WARN_UNINITIALIZED_AUTOS = YES_AGGRESSIVE;
				GCC_WARN_UNUSED_FUNCTION = YES;
				GCC_WARN_UNUSED_VARIABLE = YES;
				LOCALIZATION_PREFERS_STRING_CATALOGS = YES;
				MACOSX_DEPLOYMENT_TARGET = 14.0;
				MTL_ENABLE_DEBUG_INFO = NO;
				MTL_FAST_MATH = YES;
				SDKROOT = macosx;
				SWIFT_COMPILATION_MODE = wholemodule;
			};
			name = Release;
		};
		C0DE00000000000000000B03 /* Debug */ = {
			isa = XCBuildConfiguration;
			buildSettings = {
				ASSETCATALOG_COMPILER_APPICON_NAME = AppIcon;
				ASSETCATALOG_COMPILER_GLOBAL_ACCENT_COLOR_NAME = AccentColor;
				CODE_SIGN_ENTITLEMENTS = SimpleImageViewer/SimpleImageViewer.entitlements;
				CODE_SIGN_IDENTITY = "-";
				CODE_SIGN_STYLE = Automatic;
				COMBINE_HIDPI_IMAGES = YES;
				CURRENT_PROJECT_VERSION = 4;
				DEAD_CODE_STRIPPING = YES;
				DEVELOPMENT_TEAM = "";
				ENABLE_APP_SANDBOX = YES;
				ENABLE_HARDENED_RUNTIME = NO;
				ENABLE_PREVIEWS = YES;
				ENABLE_USER_SELECTED_FILES = readwrite;
				GENERATE_INFOPLIST_FILE = YES;
				INFOPLIST_FILE = SimpleImageViewer/Info.plist;
				INFOPLIST_KEY_CFBundleDisplayName = Flip;
				INFOPLIST_KEY_LSApplicationCategoryType = "public.app-category.photography";
				INFOPLIST_KEY_NSHumanReadableCopyright = "Copyright © 2026";
				INFOPLIST_KEY_NSPrincipalClass = NSApplication;
				LD_RUNPATH_SEARCH_PATHS = (
					"$(inherited)",
					"@executable_path/../Frameworks",
				);
				MACOSX_DEPLOYMENT_TARGET = 14.0;
				MARKETING_VERSION = 0.4.1;
				PRODUCT_BUNDLE_IDENTIFIER = app.flipview.viewer;
				PRODUCT_NAME = Flip;
				ARCHS = "arm64 x86_64";
				ONLY_ACTIVE_ARCH = YES;
				SDKROOT = macosx;
				SUPPORTED_PLATFORMS = macosx;
				SWIFT_EMIT_LOC_STRINGS = YES;
				SWIFT_STRICT_CONCURRENCY = targeted;
				SWIFT_VERSION = 5.0;
			};
			name = Debug;
		};
		C0DE00000000000000000B04 /* Release */ = {
			isa = XCBuildConfiguration;
			buildSettings = {
				ASSETCATALOG_COMPILER_APPICON_NAME = AppIcon;
				ASSETCATALOG_COMPILER_GLOBAL_ACCENT_COLOR_NAME = AccentColor;
				CODE_SIGN_ENTITLEMENTS = SimpleImageViewer/SimpleImageViewer-Release.entitlements;
				CODE_SIGN_IDENTITY = "-";
				CODE_SIGN_STYLE = Automatic;
				COMBINE_HIDPI_IMAGES = YES;
				CURRENT_PROJECT_VERSION = 4;
				DEAD_CODE_STRIPPING = YES;
				DEVELOPMENT_TEAM = "";
				ENABLE_APP_SANDBOX = NO;
				ENABLE_HARDENED_RUNTIME = NO;
				ENABLE_PREVIEWS = YES;
				ENABLE_USER_SELECTED_FILES = readwrite;
				GENERATE_INFOPLIST_FILE = YES;
				INFOPLIST_FILE = SimpleImageViewer/Info.plist;
				INFOPLIST_KEY_CFBundleDisplayName = Flip;
				INFOPLIST_KEY_LSApplicationCategoryType = "public.app-category.photography";
				INFOPLIST_KEY_NSHumanReadableCopyright = "Copyright © 2026";
				INFOPLIST_KEY_NSPrincipalClass = NSApplication;
				LD_RUNPATH_SEARCH_PATHS = (
					"$(inherited)",
					"@executable_path/../Frameworks",
				);
				MACOSX_DEPLOYMENT_TARGET = 14.0;
				MARKETING_VERSION = 0.4.1;
				PRODUCT_BUNDLE_IDENTIFIER = app.flipview.viewer;
				PRODUCT_NAME = Flip;
				ARCHS = "arm64 x86_64";
				ONLY_ACTIVE_ARCH = NO;
				SDKROOT = macosx;
				SUPPORTED_PLATFORMS = macosx;
				SWIFT_EMIT_LOC_STRINGS = YES;
				SWIFT_STRICT_CONCURRENCY = targeted;
				SWIFT_VERSION = 5.0;
			};
			name = Release;
		};
/* End XCBuildConfiguration section */

/* Begin XCConfigurationList section */
		C0DE00000000000000000A01 /* Build configuration list for PBXProject "SimpleImageViewer" */ = {
			isa = XCConfigurationList;
			buildConfigurations = (
				C0DE00000000000000000B01 /* Debug */,
				C0DE00000000000000000B02 /* Release */,
			);
			defaultConfigurationIsVisible = 0;
			defaultConfigurationName = Release;
		};
		C0DE00000000000000000A02 /* Build configuration list for PBXNativeTarget "SimpleImageViewer" */ = {
			isa = XCConfigurationList;
			buildConfigurations = (
				C0DE00000000000000000B03 /* Debug */,
				C0DE00000000000000000B04 /* Release */,
			);
			defaultConfigurationIsVisible = 0;
			defaultConfigurationName = Release;
		};
/* End XCConfigurationList section */
	};
	rootObject = C0DE00000000000000000001 /* Project object */;
}
